// !$*UTF8*$!
{
	archiveVersion = 1;
	classes = {
	};
	objectVersion = 55;
	objects = {

/* Begin PBXBuildFile section */
		6DF7A76F282D506F006E0915 /* AppDelegate.swift in Sources */ = {isa = PBXBuildFile; fileRef = 6DF7A76E282D506F006E0915 /* AppDelegate.swift */; };
		6DF7A771282D506F006E0915 /* SceneDelegate.swift in Sources */ = {isa = PBXBuildFile; fileRef = 6DF7A770282D506F006E0915 /* SceneDelegate.swift */; };
		6DF7A773282D506F006E0915 /* ViewController.swift in Sources */ = {isa = PBXBuildFile; fileRef = 6DF7A772282D506F006E0915 /* ViewController.swift */; };
		6DF7A776282D506F006E0915 /* Main.storyboard in Resources */ = {isa = PBXBuildFile; fileRef = 6DF7A774282D506F006E0915 /* Main.storyboard */; };
		6DF7A778282D5072006E0915 /* Assets.xcassets in Resources */ = {isa = PBXBuildFile; fileRef = 6DF7A777282D5072006E0915 /* Assets.xcassets */; };
		6DF7A77B282D5072006E0915 /* LaunchScreen.storyboard in Resources */ = {isa = PBXBuildFile; fileRef = 6DF7A779282D5072006E0915 /* LaunchScreen.storyboard */; };
		6DF7A786282D5073006E0915 /* TestePassandoDadosTests.swift in Sources */ = {isa = PBXBuildFile; fileRef = 6DF7A785282D5073006E0915 /* TestePassandoDadosTests.swift */; };
		6DF7A790282D5073006E0915 /* TestePassandoDadosUITests.swift in Sources */ = {isa = PBXBuildFile; fileRef = 6DF7A78F282D5073006E0915 /* TestePassandoDadosUITests.swift */; };
		6DF7A792282D5073006E0915 /* TestePassandoDadosUITestsLaunchTests.swift in Sources */ = {isa = PBXBuildFile; fileRef = 6DF7A791282D5073006E0915 /* TestePassandoDadosUITestsLaunchTests.swift */; };
		6DF7A79F282D5156006E0915 /* Pessoa.swift in Sources */ = {isa = PBXBuildFile; fileRef = 6DF7A79E282D5156006E0915 /* Pessoa.swift */; };
		6DF7A7A1282D5901006E0915 /* Tela3ViewController.swift in Sources */ = {isa = PBXBuildFile; fileRef = 6DF7A7A0282D5901006E0915 /* Tela3ViewController.swift */; };
/* End PBXBuildFile section */

/* Begin PBXContainerItemProxy section */
		6DF7A782282D5073006E0915 /* PBXContainerItemProxy */ = {
			isa = PBXContainerItemProxy;
			containerPortal = 6DF7A763282D506F006E0915 /* Project object */;
			proxyType = 1;
			remoteGlobalIDString = 6DF7A76A282D506F006E0915;
			remoteInfo = TestePassandoDados;
		};
		6DF7A78C282D5073006E0915 /* PBXContainerItemProxy */ = {
			isa = PBXContainerItemProxy;
			containerPortal = 6DF7A763282D506F006E0915 /* Project object */;
			proxyType = 1;
			remoteGlobalIDString = 6DF7A76A282D506F006E0915;
			remoteInfo = TestePassandoDados;
		};
/* End PBXContainerItemProxy section */

/* Begin PBXFileReference section */
		6DF7A76B282D506F006E0915 /* TestePassandoDados.app */ = {isa = PBXFileReference; explicitFileType = wrapper.application; includeInIndex = 0; path = TestePassandoDados.app; sourceTree = BUILT_PRODUCTS_DIR; };
		6DF7A76E282D506F006E0915 /* AppDelegate.swift */ = {isa = PBXFileReference; lastKnownFileType = sourcecode.swift; path = AppDelegate.swift; sourceTree = "<group>"; };
		6DF7A770282D506F006E0915 /* SceneDelegate.swift */ = {isa = PBXFileReference; lastKnownFileType = sourcecode.swift; path = SceneDelegate.swift; sourceTree = "<group>"; };
		6DF7A772282D506F006E0915 /* ViewController.swift */ = {isa = PBXFileReference; lastKnownFileType = sourcecode.swift; path = ViewController.swift; sourceTree = "<group>"; };
		6DF7A775282D506F006E0915 /* Base */ = {isa = PBXFileReference; lastKnownFileType = file.storyboard; name = Base; path = Base.lproj/Main.storyboard; sourceTree = "<group>"; };
		6DF7A777282D5072006E0915 /* Assets.xcassets */ = {isa = PBXFileReference; lastKnownFileType = folder.assetcatalog; path = Assets.xcassets; sourceTree = "<group>"; };
		6DF7A77A282D5072006E0915 /* Base */ = {isa = PBXFileReference; lastKnownFileType = file.storyboard; name = Base; path = Base.lproj/LaunchScreen.storyboard; sourceTree = "<group>"; };
		6DF7A77C282D5072006E0915 /* Info.plist */ = {isa = PBXFileReference; lastKnownFileType = text.plist.xml; path = Info.plist; sourceTree = "<group>"; };
		6DF7A781282D5073006E0915 /* TestePassandoDadosTests.xctest */ = {isa = PBXFileReference; explicitFileType = wrapper.cfbundle; includeInIndex = 0; path = TestePassandoDadosTests.xctest; sourceTree = BUILT_PRODUCTS_DIR; };
		6DF7A785282D5073006E0915 /* TestePassandoDadosTests.swift */ = {isa = PBXFileReference; lastKnownFileType = sourcecode.swift; path = TestePassandoDadosTests.swift; sourceTree = "<group>"; };
		6DF7A78B282D5073006E0915 /* TestePassandoDadosUITests.xctest */ = {isa = PBXFileReference; explicitFileType = wrapper.cfbundle; includeInIndex = 0; path = TestePassandoDadosUITests.xctest; sourceTree = BUILT_PRODUCTS_DIR; };
		6DF7A78F282D5073006E0915 /* TestePassandoDadosUITests.swift */ = {isa = PBXFileReference; lastKnownFileType = sourcecode.swift; path = TestePassandoDadosUITests.swift; sourceTree = "<group>"; };
		6DF7A791282D5073006E0915 /* TestePassandoDadosUITestsLaunchTests.swift */ = {isa = PBXFileReference; lastKnownFileType = sourcecode.swift; path = TestePassandoDadosUITestsLaunchTests.swift; sourceTree = "<group>"; };
		6DF7A79E282D5156006E0915 /* Pessoa.swift */ = {isa = PBXFileReference; lastKnownFileType = sourcecode.swift; path = Pessoa.swift; sourceTree = "<group>"; };
		6DF7A7A0282D5901006E0915 /* Tela3ViewController.swift */ = {isa = PBXFileReference; lastKnownFileType = sourcecode.swift; path = Tela3ViewController.swift; sourceTree = "<group>"; };
/* End PBXFileReference section */

/* Begin PBXFrameworksBuildPhase section */
		6DF7A768282D506F006E0915 /* Frameworks */ = {
			isa = PBXFrameworksBuildPhase;
			buildActionMask = 2147483647;
			files = (
			);
			runOnlyForDeploymentPostprocessing = 0;
		};
		6DF7A77E282D5073006E0915 /* Frameworks */ = {
			isa = PBXFrameworksBuildPhase;
			buildActionMask = 2147483647;
			files = (
			);
			runOnlyForDeploymentPostprocessing = 0;
		};
		6DF7A788282D5073006E0915 /* Frameworks */ = {
			isa = PBXFrameworksBuildPhase;
			buildActionMask = 2147483647;
			files = (
			);
			runOnlyForDeploymentPostprocessing = 0;
		};
/* End PBXFrameworksBuildPhase section */

/* Begin PBXGroup section */
		6DF7A762282D506F006E0915 = {
			isa = PBXGroup;
			children = (
				6DF7A76D282D506F006E0915 /* TestePassandoDados */,
				6DF7A784282D5073006E0915 /* TestePassandoDadosTests */,
				6DF7A78E282D5073006E0915 /* TestePassandoDadosUITests */,
				6DF7A76C282D506F006E0915 /* Products */,
			);
			sourceTree = "<group>";
		};
		6DF7A76C282D506F006E0915 /* Products */ = {
			isa = PBXGroup;
			children = (
				6DF7A76B282D506F006E0915 /* TestePassandoDados.app */,
				6DF7A781282D5073006E0915 /* TestePassandoDadosTests.xctest */,
				6DF7A78B282D5073006E0915 /* TestePassandoDadosUITests.xctest */,
			);
			name = Products;
			sourceTree = "<group>";
		};
		6DF7A76D282D506F006E0915 /* TestePassandoDados */ = {
			isa = PBXGroup;
			children = (
				6DF7A76E282D506F006E0915 /* AppDelegate.swift */,
				6DF7A770282D506F006E0915 /* SceneDelegate.swift */,
				6DF7A772282D506F006E0915 /* ViewController.swift */,
				6DF7A774282D506F006E0915 /* Main.storyboard */,
				6DF7A777282D5072006E0915 /* Assets.xcassets */,
				6DF7A779282D5072006E0915 /* LaunchScreen.storyboard */,
				6DF7A77C282D5072006E0915 /* Info.plist */,
				6DF7A79E282D5156006E0915 /* Pessoa.swift */,
				6DF7A7A0282D5901006E0915 /* Tela3ViewController.swift */,
			);
			path = TestePassandoDados;
			sourceTree = "<group>";
		};
		6DF7A784282D5073006E0915 /* TestePassandoDadosTests */ = {
			isa = PBXGroup;
			children = (
				6DF7A785282D5073006E0915 /* TestePassandoDadosTests.swift */,
			);
			path = TestePassandoDadosTests;
			sourceTree = "<group>";
		};
		6DF7A78E282D5073006E0915 /* TestePassandoDadosUITests */ = {
			isa = PBXGroup;
			children = (
				6DF7A78F282D5073006E0915 /* TestePassandoDadosUITests.swift */,
				6DF7A791282D5073006E0915 /* TestePassandoDadosUITestsLaunchTests.swift */,
			);
			path = TestePassandoDadosUITests;
			sourceTree = "<group>";
		};
/* End PBXGroup section */

/* Begin PBXNativeTarget section */
		6DF7A76A282D506F006E0915 /* TestePassandoDados */ = {
			isa = PBXNativeTarget;
			buildConfigurationList = 6DF7A795282D5073006E0915 /* Build configuration list for PBXNativeTarget "TestePassandoDados" */;
			buildPhases = (
				6DF7A767282D506F006E0915 /* Sources */,
				6DF7A768282D506F006E0915 /* Frameworks */,
				6DF7A769282D506F006E0915 /* Resources */,
			);
			buildRules = (
			);
			dependencies = (
			);
			name = TestePassandoDados;
			productName = TestePassandoDados;
			productReference = 6DF7A76B282D506F006E0915 /* TestePassandoDados.app */;
			productType = "com.apple.product-type.application";
		};
		6DF7A780282D5073006E0915 /* TestePassandoDadosTests */ = {
			isa = PBXNativeTarget;
			buildConfigurationList = 6DF7A798282D5073006E0915 /* Build configuration list for PBXNativeTarget "TestePassandoDadosTests" */;
			buildPhases = (
				6DF7A77D282D5073006E0915 /* Sources */,
				6DF7A77E282D5073006E0915 /* Frameworks */,
				6DF7A77F282D5073006E0915 /* Resources */,
			);
			buildRules = (
			);
			dependencies = (
				6DF7A783282D5073006E0915 /* PBXTargetDependency */,
			);
			name = TestePassandoDadosTests;
			productName = TestePassandoDadosTests;
			productReference = 6DF7A781282D5073006E0915 /* TestePassandoDadosTests.xctest */;
			productType = "com.apple.product-type.bundle.unit-test";
		};
		6DF7A78A282D5073006E0915 /* TestePassandoDadosUITests */ = {
			isa = PBXNativeTarget;
			buildConfigurationList = 6DF7A79B282D5073006E0915 /* Build configuration list for PBXNativeTarget "TestePassandoDadosUITests" */;
			buildPhases = (
				6DF7A787282D5073006E0915 /* Sources */,
				6DF7A788282D5073006E0915 /* Frameworks */,
				6DF7A789282D5073006E0915 /* Resources */,
			);
			buildRules = (
			);
			dependencies = (
				6DF7A78D282D5073006E0915 /* PBXTargetDependency */,
			);
			name = TestePassandoDadosUITests;
			productName = TestePassandoDadosUITests;
			productReference = 6DF7A78B282D5073006E0915 /* TestePassandoDadosUITests.xctest */;
			productType = "com.apple.product-type.bundle.ui-testing";
		};
/* End PBXNativeTarget section */

/* Begin PBXProject section */
		6DF7A763282D506F006E0915 /* Project object */ = {
			isa = PBXProject;
			attributes = {
				BuildIndependentTargetsInParallel = 1;
				LastSwiftUpdateCheck = 1330;
				LastUpgradeCheck = 1330;
				TargetAttributes = {
					6DF7A76A282D506F006E0915 = {
						CreatedOnToolsVersion = 13.3.1;
					};
					6DF7A780282D5073006E0915 = {
						CreatedOnToolsVersion = 13.3.1;
						TestTargetID = 6DF7A76A282D506F006E0915;
					};
					6DF7A78A282D5073006E0915 = {
						CreatedOnToolsVersion = 13.3.1;
						TestTargetID = 6DF7A76A282D506F006E0915;
					};
				};
			};
			buildConfigurationList = 6DF7A766282D506F006E0915 /* Build configuration list for PBXProject "TestePassandoDados" */;
			compatibilityVersion = "Xcode 13.0";
			developmentRegion = en;
			hasScannedForEncodings = 0;
			knownRegions = (
				en,
				Base,
			);
			mainGroup = 6DF7A762282D506F006E0915;
			productRefGroup = 6DF7A76C282D506F006E0915 /* Products */;
			projectDirPath = "";
			projectRoot = "";
			targets = (
				6DF7A76A282D506F006E0915 /* TestePassandoDados */,
				6DF7A780282D5073006E0915 /* TestePassandoDadosTests */,
				6DF7A78A282D5073006E0915 /* TestePassandoDadosUITests */,
			);
		};
/* End PBXProject section */

/* Begin PBXResourcesBuildPhase section */
		6DF7A769282D506F006E0915 /* Resources */ = {
			isa = PBXResourcesBuildPhase;
			buildActionMask = 2147483647;
			files = (
				6DF7A77B282D5072006E0915 /* LaunchScreen.storyboard in Resources */,
				6DF7A778282D5072006E0915 /* Assets.xcassets in Resources */,
				6DF7A776282D506F006E0915 /* Main.storyboard in Resources */,
			);
			runOnlyForDeploymentPostprocessing = 0;
		};
		6DF7A77F282D5073006E0915 /* Resources */ = {
			isa = PBXResourcesBuildPhase;
			buildActionMask = 2147483647;
			files = (
			);
			runOnlyForDeploymentPostprocessing = 0;
		};
		6DF7A789282D5073006E0915 /* Resources */ = {
			isa = PBXResourcesBuildPhase;
			buildActionMask = 2147483647;
			files = (
			);
			runOnlyForDeploymentPostprocessing = 0;
		};
/* End PBXResourcesBuildPhase section */

/* Begin PBXSourcesBuildPhase section */
		6DF7A767282D506F006E0915 /* Sources */ = {
			isa = PBXSourcesBuildPhase;
			buildActionMask = 2147483647;
			files = (
				6DF7A773282D506F006E0915 /* ViewController.swift in Sources */,
				6DF7A76F282D506F006E0915 /* AppDelegate.swift in Sources */,
				6DF7A79F282D5156006E0915 /* Pessoa.swift in Sources */,
				6DF7A7A1282D5901006E0915 /* Tela3ViewController.swift in Sources */,
				6DF7A771282D506F006E0915 /* SceneDelegate.swift in Sources */,
			);
			runOnlyForDeploymentPostprocessing = 0;
		};
		6DF7A77D282D5073006E0915 /* Sources */ = {
			isa = PBXSourcesBuildPhase;
			buildActionMask = 2147483647;
			files = (
				6DF7A786282D5073006E0915 /* TestePassandoDadosTests.swift in Sources */,
			);
			runOnlyForDeploymentPostprocessing = 0;
		};
		6DF7A787282D5073006E0915 /* Sources */ = {
			isa = PBXSourcesBuildPhase;
			buildActionMask = 2147483647;
			files = (
				6DF7A790282D5073006E0915 /* TestePassandoDadosUITests.swift in Sources */,
				6DF7A792282D5073006E0915 /* TestePassandoDadosUITestsLaunchTests.swift in Sources */,
			);
			runOnlyForDeploymentPostprocessing = 0;
		};
/* End PBXSourcesBuildPhase section */

/* Begin PBXTargetDependency section */
		6DF7A783282D5073006E0915 /* PBXTargetDependency */ = {
			isa = PBXTargetDependency;
			target = 6DF7A76A282D506F006E0915 /* TestePassandoDados */;
			targetProxy = 6DF7A782282D5073006E0915 /* PBXContainerItemProxy */;
		};
		6DF7A78D282D5073006E0915 /* PBXTargetDependency */ = {
			isa = PBXTargetDependency;
			target = 6DF7A76A282D506F006E0915 /* TestePassandoDados */;
			targetProxy = 6DF7A78C282D5073006E0915 /* PBXContainerItemProxy */;
		};
/* End PBXTargetDependency section */

/* Begin PBXVariantGroup section */
		6DF7A774282D506F006E0915 /* Main.storyboard */ = {
			isa = PBXVariantGroup;
			children = (
				6DF7A775282D506F006E0915 /* Base */,
			);
			name = Main.storyboard;
			sourceTree = "<group>";
		};
		6DF7A779282D5072006E0915 /* LaunchScreen.storyboard */ = {
			isa = PBXVariantGroup;
			children = (
				6DF7A77A282D5072006E0915 /* Base */,
			);
			name = LaunchScreen.storyboard;
			sourceTree = "<group>";
		};
/* End PBXVariantGroup section */

/* Begin XCBuildConfiguration section */
		6DF7A793282D5073006E0915 /* Debug */ = {
			isa = XCBuildConfiguration;
			buildSettings = {
				ALWAYS_SEARCH_USER_PATHS = NO;
				CLANG_ANALYZER_NONNULL = YES;
				CLANG_ANALYZER_NUMBER_OBJECT_CONVERSION = YES_AGGRESSIVE;
				CLANG_CXX_LANGUAGE_STANDARD = "gnu++17";
				CLANG_ENABLE_MODULES = YES;
				CLANG_ENABLE_OBJC_ARC = YES;
				CLANG_ENABLE_OBJC_WEAK = YES;
				CLANG_WARN_BLOCK_CAPTURE_AUTORELEASING = YES;
				CLANG_WARN_BOOL_CONVERSION = YES;
				CLANG_WARN_COMMA = YES;
				CLANG_WARN_CONSTANT_CONVERSION = YES;
				CLANG_WARN_DEPRECATED_OBJC_IMPLEMENTATIONS = YES;
				CLANG_WARN_DIRECT_OBJC_ISA_USAGE = YES_ERROR;
				CLANG_WARN_DOCUMENTATION_COMMENTS = YES;
				CLANG_WARN_EMPTY_BODY = YES;
				CLANG_WARN_ENUM_CONVERSION = YES;
				CLANG_WARN_INFINITE_RECURSION = YES;
				CLANG_WARN_INT_CONVERSION = YES;
				CLANG_WARN_NON_LITERAL_NULL_CONVERSION = YES;
				CLANG_WARN_OBJC_IMPLICIT_RETAIN_SELF = YES;
				CLANG_WARN_OBJC_LITERAL_CONVERSION = YES;
				CLANG_WARN_OBJC_ROOT_CLASS = YES_ERROR;
				CLANG_WARN_QUOTED_INCLUDE_IN_FRAMEWORK_HEADER = YES;
				CLANG_WARN_RANGE_LOOP_ANALYSIS = YES;
				CLANG_WARN_STRICT_PROTOTYPES = YES;
				CLANG_WARN_SUSPICIOUS_MOVE = YES;
				CLANG_WARN_UNGUARDED_AVAILABILITY = YES_AGGRESSIVE;
				CLANG_WARN_UNREACHABLE_CODE = YES;
				CLANG_WARN__DUPLICATE_METHOD_MATCH = YES;
				COPY_PHASE_STRIP = NO;
				DEBUG_INFORMATION_FORMAT = dwarf;
				ENABLE_STRICT_OBJC_MSGSEND = YES;
				ENABLE_TESTABILITY = YES;
				GCC_C_LANGUAGE_STANDARD = gnu11;
				GCC_DYNAMIC_NO_PIC = NO;
				GCC_NO_COMMON_BLOCKS = YES;
				GCC_OPTIMIZATION_LEVEL = 0;
				GCC_PREPROCESSOR_DEFINITIONS = (
					"DEBUG=1",
					"$(inherited)",
				);
				GCC_WARN_64_TO_32_BIT_CONVERSION = YES;
				GCC_WARN_ABOUT_RETURN_TYPE = YES_ERROR;
				GCC_WARN_UNDECLARED_SELECTOR = YES;
				GCC_WARN_UNINITIALIZED_AUTOS = YES_AGGRESSIVE;
				GCC_WARN_UNUSED_FUNCTION = YES;
				GCC_WARN_UNUSED_VARIABLE = YES;
				IPHONEOS_DEPLOYMENT_TARGET = 15.4;
				MTL_ENABLE_DEBUG_INFO = INCLUDE_SOURCE;
				MTL_FAST_MATH = YES;
				ONLY_ACTIVE_ARCH = YES;
				SDKROOT = iphoneos;
				SWIFT_ACTIVE_COMPILATION_CONDITIONS = DEBUG;
				SWIFT_OPTIMIZATION_LEVEL = "-Onone";
			};
			name = Debug;
		};
		6DF7A794282D5073006E0915 /* Release */ = {
			isa = XCBuildConfiguration;
			buildSettings = {
				ALWAYS_SEARCH_USER_PATHS = NO;
				CLANG_ANALYZER_NONNULL = YES;
				CLANG_ANALYZER_NUMBER_OBJECT_CONVERSION = YES_AGGRESSIVE;
				CLANG_CXX_LANGUAGE_STANDARD = "gnu++17";
				CLANG_ENABLE_MODULES = YES;
				CLANG_ENABLE_OBJC_ARC = YES;
				CLANG_ENABLE_OBJC_WEAK = YES;
				CLANG_WARN_BLOCK_CAPTURE_AUTORELEASING = YES;
				CLANG_WARN_BOOL_CONVERSION = YES;
				CLANG_WARN_COMMA = YES;
				CLANG_WARN_CONSTANT_CONVERSION = YES;
				CLANG_WARN_DEPRECATED_OBJC_IMPLEMENTATIONS = YES;
				CLANG_WARN_DIRECT_OBJC_ISA_USAGE = YES_ERROR;
				CLANG_WARN_DOCUMENTATION_COMMENTS = YES;
				CLANG_WARN_EMPTY_BODY = YES;
				CLANG_WARN_ENUM_CONVERSION = YES;
				CLANG_WARN_INFINITE_RECURSION = YES;
				CLANG_WARN_INT_CONVERSION = YES;
				CLANG_WARN_NON_LITERAL_NULL_CONVERSION = YES;
				CLANG_WARN_OBJC_IMPLICIT_RETAIN_SELF = YES;
				CLANG_WARN_OBJC_LITERAL_CONVERSION = YES;
				CLANG_WARN_OBJC_ROOT_CLASS = YES_ERROR;
				CLANG_WARN_QUOTED_INCLUDE_IN_FRAMEWORK_HEADER = YES;
				CLANG_WARN_RANGE_LOOP_ANALYSIS = YES;
				CLANG_WARN_STRICT_PROTOTYPES = YES;
				CLANG_WARN_SUSPICIOUS_MOVE = YES;
				CLANG_WARN_UNGUARDED_AVAILABILITY = YES_AGGRESSIVE;
				CLANG_WARN_UNREACHABLE_CODE = YES;
				CLANG_WARN__DUPLICATE_METHOD_MATCH = YES;
				COPY_PHASE_STRIP = NO;
				DEBUG_INFORMATION_FORMAT = "dwarf-with-dsym";
				ENABLE_NS_ASSERTIONS = NO;
				ENABLE_STRICT_OBJC_MSGSEND = YES;
				GCC_C_LANGUAGE_STANDARD = gnu11;
				GCC_NO_COMMON_BLOCKS = YES;
				GCC_WARN_64_TO_32_BIT_CONVERSION = YES;
				GCC_WARN_ABOUT_RETURN_TYPE = YES_ERROR;
				GCC_WARN_UNDECLARED_SELECTOR = YES;
				GCC_WARN_UNINITIALIZED_AUTOS = YES_AGGRESSIVE;
				GCC_WARN_UNUSED_FUNCTION = YES;
				GCC_WARN_UNUSED_VARIABLE = YES;
				IPHONEOS_DEPLOYMENT_TARGET = 15.4;
				MTL_ENABLE_DEBUG_INFO = NO;
				MTL_FAST_MATH = YES;
				SDKROOT = iphoneos;
				SWIFT_COMPILATION_MODE = wholemodule;
				SWIFT_OPTIMIZATION_LEVEL = "-O";
				VALIDATE_PRODUCT = YES;
			};
			name = Release;
		};
		6DF7A796282D5073006E0915 /* Debug */ = {
			isa = XCBuildConfiguration;
			buildSettings = {
				ASSETCATALOG_COMPILER_APPICON_NAME = AppIcon;
				ASSETCATALOG_COMPILER_GLOBAL_ACCENT_COLOR_NAME = AccentColor;
				CODE_SIGN_STYLE = Automatic;
				CURRENT_PROJECT_VERSION = 1;
				GENERATE_INFOPLIST_FILE = YES;
				INFOPLIST_FILE = TestePassandoDados/Info.plist;
				INFOPLIST_KEY_UIApplicationSupportsIndirectInputEvents = YES;
				INFOPLIST_KEY_UILaunchStoryboardName = LaunchScreen;
				INFOPLIST_KEY_UIMainStoryboardFile = Main;
				INFOPLIST_KEY_UISupportedInterfaceOrientations_iPad = "UIInterfaceOrientationPortrait UIInterfaceOrientationPortraitUpsideDown UIInterfaceOrientationLandscapeLeft UIInterfaceOrientationLandscapeRight";
				INFOPLIST_KEY_UISupportedInterfaceOrientations_iPhone = "UIInterfaceOrientationPortrait UIInterfaceOrientationLandscapeLeft UIInterfaceOrientationLandscapeRight";
				LD_RUNPATH_SEARCH_PATHS = (
					"$(inherited)",
					"@executable_path/Frameworks",
				);
				MARKETING_VERSION = 1.0;
				PRODUCT_BUNDLE_IDENTIFIER = teste.TestePassandoDados;
				PRODUCT_NAME = "$(TARGET_NAME)";
				SWIFT_EMIT_LOC_STRINGS = YES;
				SWIFT_VERSION = 5.0;
				TARGETED_DEVICE_FAMILY = "1,2";
			};
			name = Debug;
		};
		6DF7A797282D5073006E0915 /* Release */ = {
			isa = XCBuildConfiguration;
			buildSettings = {
				ASSETCATALOG_COMPILER_APPICON_NAME = AppIcon;
				ASSETCATALOG_COMPILER_GLOBAL_ACCENT_COLOR_NAME = AccentColor;
				CODE_SIGN_STYLE = Automatic;
				CURRENT_PROJECT_VERSION = 1;
				GENERATE_INFOPLIST_FILE = YES;
				INFOPLIST_FILE = TestePassandoDados/Info.plist;
				INFOPLIST_KEY_UIApplicationSupportsIndirectInputEvents = YES;
				INFOPLIST_KEY_UILaunchStoryboardName = LaunchScreen;
				INFOPLIST_KEY_UIMainStoryboardFile = Main;
				INFOPLIST_KEY_UISupportedInterfaceOrientations_iPad = "UIInterfaceOrientationPortrait UIInterfaceOrientationPortraitUpsideDown UIInterfaceOrientationLandscapeLeft UIInterfaceOrientationLandscapeRight";
				INFOPLIST_KEY_UISupportedInterfaceOrientations_iPhone = "UIInterfaceOrientationPortrait UIInterfaceOrientationLandscapeLeft UIInterfaceOrientationLandscapeRight";
				LD_RUNPATH_SEARCH_PATHS = (
					"$(inherited)",
					"@executable_path/Frameworks",
				);
				MARKETING_VERSION = 1.0;
				PRODUCT_BUNDLE_IDENTIFIER = teste.TestePassandoDados;
				PRODUCT_NAME = "$(TARGET_NAME)";
				SWIFT_EMIT_LOC_STRINGS = YES;
				SWIFT_VERSION = 5.0;
				TARGETED_DEVICE_FAMILY = "1,2";
			};
			name = Release;
		};
		6DF7A799282D5073006E0915 /* Debug */ = {
			isa = XCBuildConfiguration;
			buildSettings = {
				ALWAYS_EMBED_SWIFT_STANDARD_LIBRARIES = YES;
				BUNDLE_LOADER = "$(TEST_HOST)";
				CODE_SIGN_STYLE = Automatic;
				CURRENT_PROJECT_VERSION = 1;
				GENERATE_INFOPLIST_FILE = YES;
				IPHONEOS_DEPLOYMENT_TARGET = 15.4;
				MARKETING_VERSION = 1.0;
				PRODUCT_BUNDLE_IDENTIFIER = teste.TestePassandoDadosTests;
				PRODUCT_NAME = "$(TARGET_NAME)";
				SWIFT_EMIT_LOC_STRINGS = NO;
				SWIFT_VERSION = 5.0;
				TARGETED_DEVICE_FAMILY = "1,2";
				TEST_HOST = "$(BUILT_PRODUCTS_DIR)/TestePassandoDados.app/TestePassandoDados";
			};
			name = Debug;
		};
		6DF7A79A282D5073006E0915 /* Release */ = {
			isa = XCBuildConfiguration;
			buildSettings = {
				ALWAYS_EMBED_SWIFT_STANDARD_LIBRARIES = YES;
				BUNDLE_LOADER = "$(TEST_HOST)";
				CODE_SIGN_STYLE = Automatic;
				CURRENT_PROJECT_VERSION = 1;
				GENERATE_INFOPLIST_FILE = YES;
				IPHONEOS_DEPLOYMENT_TARGET = 15.4;
				MARKETING_VERSION = 1.0;
				PRODUCT_BUNDLE_IDENTIFIER = teste.TestePassandoDadosTests;
				PRODUCT_NAME = "$(TARGET_NAME)";
				SWIFT_EMIT_LOC_STRINGS = NO;
				SWIFT_VERSION = 5.0;
				TARGETED_DEVICE_FAMILY = "1,2";
				TEST_HOST = "$(BUILT_PRODUCTS_DIR)/TestePassandoDados.app/TestePassandoDados";
			};
			name = Release;
		};
		6DF7A79C282D5073006E0915 /* Debug */ = {
			isa = XCBuildConfiguration;
			buildSettings = {
				ALWAYS_EMBED_SWIFT_STANDARD_LIBRARIES = YES;
				CODE_SIGN_STYLE = Automatic;
				CURRENT_PROJECT_VERSION = 1;
				GENERATE_INFOPLIST_FILE = YES;
				MARKETING_VERSION = 1.0;
				PRODUCT_BUNDLE_IDENTIFIER = teste.TestePassandoDadosUITests;
				PRODUCT_NAME = "$(TARGET_NAME)";
				SWIFT_EMIT_LOC_STRINGS = NO;
				SWIFT_VERSION = 5.0;
				TARGETED_DEVICE_FAMILY = "1,2";
				TEST_TARGET_NAME = TestePassandoDados;
			};
			name = Debug;
		};
		6DF7A79D282D5073006E0915 /* Release */ = {
			isa = XCBuildConfiguration;
			buildSettings = {
				ALWAYS_EMBED_SWIFT_STANDARD_LIBRARIES = YES;
				CODE_SIGN_STYLE = Automatic;
				CURRENT_PROJECT_VERSION = 1;
				GENERATE_INFOPLIST_FILE = YES;
				MARKETING_VERSION = 1.0;
				PRODUCT_BUNDLE_IDENTIFIER = teste.TestePassandoDadosUITests;
				PRODUCT_NAME = "$(TARGET_NAME)";
				SWIFT_EMIT_LOC_STRINGS = NO;
				SWIFT_VERSION = 5.0;
				TARGETED_DEVICE_FAMILY = "1,2";
				TEST_TARGET_NAME = TestePassandoDados;
			};
			name = Release;
		};
/* End XCBuildConfiguration section */

/* Begin XCConfigurationList section */
		6DF7A766282D506F006E0915 /* Build configuration list for PBXProject "TestePassandoDados" */ = {
			isa = XCConfigurationList;
			buildConfigurations = (
				6DF7A793282D5073006E0915 /* Debug */,
				6DF7A794282D5073006E0915 /* Release */,
			);
			defaultConfigurationIsVisible = 0;
			defaultConfigurationName = Release;
		};
		6DF7A795282D5073006E0915 /* Build configuration list for PBXNativeTarget "TestePassandoDados" */ = {
			isa = XCConfigurationList;
			buildConfigurations = (
				6DF7A796282D5073006E0915 /* Debug */,
				6DF7A797282D5073006E0915 /* Release */,
			);
			defaultConfigurationIsVisible = 0;
			defaultConfigurationName = Release;
		};
		6DF7A798282D5073006E0915 /* Build configuration list for PBXNativeTarget "TestePassandoDadosTests" */ = {
			isa = XCConfigurationList;
			buildConfigurations = (
				6DF7A799282D5073006E0915 /* Debug */,
				6DF7A79A282D5073006E0915 /* Release */,
			);
			defaultConfigurationIsVisible = 0;
			defaultConfigurationName = Release;
		};
		6DF7A79B282D5073006E0915 /* Build configuration list for PBXNativeTarget "TestePassandoDadosUITests" */ = {
			isa = XCConfigurationList;
			buildConfigurations = (
				6DF7A79C282D5073006E0915 /* Debug */,
				6DF7A79D282D5073006E0915 /* Release */,
			);
			defaultConfigurationIsVisible = 0;
			defaultConfigurationName = Release;
		};
/* End XCConfigurationList section */
	};
	rootObject = 6DF7A763282D506F006E0915 /* Project object */;
}
